
Microsoft Visual Studio Solution File, Format Version 12.00
# Visual Studio Version 17
VisualStudioVersion = 17.8.34511.84
MinimumVisualStudioVersion = 10.0.40219.1
Project("{888888A0-9F3D-457C-B088-3A5042F75D52}") = "CICD_Petrash_Volodymyr_IPZ21_MKR1", "CICD_Petrash_Volodymyr_IPZ21_MKR1\CICD_Petrash_Volodymyr_IPZ21_MKR1.pyproj", "{827698A2-1978-46C9-8AD6-584459B685D6}"
EndProject
Global
	GlobalSection(SolutionConfigurationPlatforms) = preSolution
		Debug|Any CPU = Debug|Any CPU
		Release|Any CPU = Release|Any CPU
	EndGlobalSection
	GlobalSection(ProjectConfigurationPlatforms) = postSolution
		{827698A2-1978-46C9-8AD6-584459B685D6}.Debug|Any CPU.ActiveCfg = Debug|Any CPU
		{827698A2-1978-46C9-8AD6-584459B685D6}.Release|Any CPU.ActiveCfg = Release|Any CPU
	EndGlobalSection
	GlobalSection(SolutionProperties) = preSolution
		HideSolutionNode = FALSE
	EndGlobalSection
	GlobalSection(ExtensibilityGlobals) = postSolution
		SolutionGuid = {72A5E72D-7A30-4510-B84D-59E6B6DE3B15}
	EndGlobalSection
EndGlobal
